
Microsoft Visual Studio Solution File, Format Version 12.00
# Visual Studio 14
VisualStudioVersion = 14.0.24720.0
MinimumVisualStudioVersion = 10.0.40219.1
Project("{D954291E-2A0B-460D-934E-DC6B0785DB48}") = "MSSC", "MSSC\MSSC.shproj", "{E20622D7-4A37-4984-AE08-938B2E058CD4}"
EndProject
Project("{FAE04EC0-301F-11D3-BF4B-00C04F79EFBC}") = "MSSC.Droid", "Droid\MSSC.Droid.csproj", "{C4756520-7AC4-4AE5-A56A-6CF55134E8CF}"
EndProject
Global
	GlobalSection(SharedMSBuildProjectFiles) = preSolution
		MSSC\MSSC.projitems*{c4756520-7ac4-4ae5-a56a-6cf55134e8cf}*SharedItemsImports = 4
		MSSC\MSSC.projitems*{e20622d7-4a37-4984-ae08-938b2e058cd4}*SharedItemsImports = 13
	EndGlobalSection
	GlobalSection(SolutionConfigurationPlatforms) = preSolution
		Debug|Any CPU = Debug|Any CPU
		Release|Any CPU = Release|Any CPU
	EndGlobalSection
	GlobalSection(ProjectConfigurationPlatforms) = postSolution
		{C4756520-7AC4-4AE5-A56A-6CF55134E8CF}.Debug|Any CPU.ActiveCfg = Debug|Any CPU
		{C4756520-7AC4-4AE5-A56A-6CF55134E8CF}.Debug|Any CPU.Build.0 = Debug|Any CPU
		{C4756520-7AC4-4AE5-A56A-6CF55134E8CF}.Debug|Any CPU.Deploy.0 = Debug|Any CPU
		{C4756520-7AC4-4AE5-A56A-6CF55134E8CF}.Release|Any CPU.ActiveCfg = Release|Any CPU
		{C4756520-7AC4-4AE5-A56A-6CF55134E8CF}.Release|Any CPU.Build.0 = Release|Any CPU
		{C4756520-7AC4-4AE5-A56A-6CF55134E8CF}.Release|Any CPU.Deploy.0 = Release|Any CPU
	EndGlobalSection
	GlobalSection(SolutionProperties) = preSolution
		HideSolutionNode = FALSE
	EndGlobalSection
EndGlobal
